
Microsoft Visual Studio Solution File, Format Version 12.00
# Visual Studio Version 17
VisualStudioVersion = 17.0.31903.59
MinimumVisualStudioVersion = 10.0.40219.1
Project("{2150E333-8FDC-42A3-9474-1A3956D46DE8}") = "src", "src", "{827E0CD3-B72D-47B6-A68D-7590B98EB39B}"
EndProject
Project("{FAE04EC0-301F-11D3-BF4B-00C04F79EFBC}") = "FinTrack.Domain", "src\FinTrack.Domain\FinTrack.Domain.csproj", "{976194BF-B031-4E15-913E-DBAED915A375}"
EndProject
Project("{FAE04EC0-301F-11D3-BF4B-00C04F79EFBC}") = "FinTrack.Application", "src\FinTrack.Application\FinTrack.Application.csproj", "{BDBA3E8D-AD6F-4F70-B50E-FD507DFCC335}"
EndProject
Project("{FAE04EC0-301F-11D3-BF4B-00C04F79EFBC}") = "FinTrack.Infrastructure", "src\FinTrack.Infrastructure\FinTrack.Infrastructure.csproj", "{45FB5388-3F8B-439F-B29F-B4855888DD60}"
EndProject
Project("{FAE04EC0-301F-11D3-BF4B-00C04F79EFBC}") = "FinTrack.API", "src\FinTrack.API\FinTrack.API.csproj", "{FA841079-E0E8-4ED8-8D2D-1C1CDA4C7DE8}"
EndProject
Project("{FAE04EC0-301F-11D3-BF4B-00C04F79EFBC}") = "FinTrack.UnitTests", "tests\FinTrack.UnitTests\FinTrack.UnitTests.csproj", "{0412FED9-0726-4B5E-8482-AFF4DC5D4B0C}"
EndProject
Project("{FAE04EC0-301F-11D3-BF4B-00C04F79EFBC}") = "FinTrack.IntegrationTests", "tests\FinTrack.IntegrationTests\FinTrack.IntegrationTests.csproj", "{23C7F6F1-B57B-4A36-ABA3-61C66FA3A2C7}"
EndProject
Global
	GlobalSection(SolutionConfigurationPlatforms) = preSolution
		Debug|Any CPU = Debug|Any CPU
		Debug|x64 = Debug|x64
		Debug|x86 = Debug|x86
		Release|Any CPU = Release|Any CPU
		Release|x64 = Release|x64
		Release|x86 = Release|x86
	EndGlobalSection
	GlobalSection(ProjectConfigurationPlatforms) = postSolution
		{976194BF-B031-4E15-913E-DBAED915A375}.Debug|Any CPU.ActiveCfg = Debug|Any CPU
		{976194BF-B031-4E15-913E-DBAED915A375}.Debug|Any CPU.Build.0 = Debug|Any CPU
		{976194BF-B031-4E15-913E-DBAED915A375}.Debug|x64.ActiveCfg = Debug|Any CPU
		{976194BF-B031-4E15-913E-DBAED915A375}.Debug|x64.Build.0 = Debug|Any CPU
		{976194BF-B031-4E15-913E-DBAED915A375}.Debug|x86.ActiveCfg = Debug|Any CPU
		{976194BF-B031-4E15-913E-DBAED915A375}.Debug|x86.Build.0 = Debug|Any CPU
		{976194BF-B031-4E15-913E-DBAED915A375}.Release|Any CPU.ActiveCfg = Release|Any CPU
		{976194BF-B031-4E15-913E-DBAED915A375}.Release|Any CPU.Build.0 = Release|Any CPU
		{976194BF-B031-4E15-913E-DBAED915A375}.Release|x64.ActiveCfg = Release|Any CPU
		{976194BF-B031-4E15-913E-DBAED915A375}.Release|x64.Build.0 = Release|Any CPU
		{976194BF-B031-4E15-913E-DBAED915A375}.Release|x86.ActiveCfg = Release|Any CPU
		{976194BF-B031-4E15-913E-DBAED915A375}.Release|x86.Build.0 = Release|Any CPU
		{BDBA3E8D-AD6F-4F70-B50E-FD507DFCC335}.Debug|Any CPU.ActiveCfg = Debug|Any CPU
		{BDBA3E8D-AD6F-4F70-B50E-FD507DFCC335}.Debug|Any CPU.Build.0 = Debug|Any CPU
		{BDBA3E8D-AD6F-4F70-B50E-FD507DFCC335}.Debug|x64.ActiveCfg = Debug|Any CPU
		{BDBA3E8D-AD6F-4F70-B50E-FD507DFCC335}.Debug|x64.Build.0 = Debug|Any CPU
		{BDBA3E8D-AD6F-4F70-B50E-FD507DFCC335}.Debug|x86.ActiveCfg = Debug|Any CPU
		{BDBA3E8D-AD6F-4F70-B50E-FD507DFCC335}.Debug|x86.Build.0 = Debug|Any CPU
		{BDBA3E8D-AD6F-4F70-B50E-FD507DFCC335}.Release|Any CPU.ActiveCfg = Release|Any CPU
		{BDBA3E8D-AD6F-4F70-B50E-FD507DFCC335}.Release|Any CPU.Build.0 = Release|Any CPU
		{BDBA3E8D-AD6F-4F70-B50E-FD507DFCC335}.Release|x64.ActiveCfg = Release|Any CPU
		{BDBA3E8D-AD6F-4F70-B50E-FD507DFCC335}.Release|x64.Build.0 = Release|Any CPU
		{BDBA3E8D-AD6F-4F70-B50E-FD507DFCC335}.Release|x86.ActiveCfg = Release|Any CPU
		{BDBA3E8D-AD6F-4F70-B50E-FD507DFCC335}.Release|x86.Build.0 = Release|Any CPU
		{45FB5388-3F8B-439F-B29F-B4855888DD60}.Debug|Any CPU.ActiveCfg = Debug|Any CPU
		{45FB5388-3F8B-439F-B29F-B4855888DD60}.Debug|Any CPU.Build.0 = Debug|Any CPU
		{45FB5388-3F8B-439F-B29F-B4855888DD60}.Debug|x64.ActiveCfg = Debug|Any CPU
		{45FB5388-3F8B-439F-B29F-B4855888DD60}.Debug|x64.Build.0 = Debug|Any CPU
		{45FB5388-3F8B-439F-B29F-B4855888DD60}.Debug|x86.ActiveCfg = Debug|Any CPU
		{45FB5388-3F8B-439F-B29F-B4855888DD60}.Debug|x86.Build.0 = Debug|Any CPU
		{45FB5388-3F8B-439F-B29F-B4855888DD60}.Release|Any CPU.ActiveCfg = Release|Any CPU
		{45FB5388-3F8B-439F-B29F-B4855888DD60}.Release|Any CPU.Build.0 = Release|Any CPU
		{45FB5388-3F8B-439F-B29F-B4855888DD60}.Release|x64.ActiveCfg = Release|Any CPU
		{45FB5388-3F8B-439F-B29F-B4855888DD60}.Release|x64.Build.0 = Release|Any CPU
		{45FB5388-3F8B-439F-B29F-B4855888DD60}.Release|x86.ActiveCfg = Release|Any CPU
		{45FB5388-3F8B-439F-B29F-B4855888DD60}.Release|x86.Build.0 = Release|Any CPU
		{FA841079-E0E8-4ED8-8D2D-1C1CDA4C7DE8}.Debug|Any CPU.ActiveCfg = Debug|Any CPU
		{FA841079-E0E8-4ED8-8D2D-1C1CDA4C7DE8}.Debug|Any CPU.Build.0 = Debug|Any CPU
		{FA841079-E0E8-4ED8-8D2D-1C1CDA4C7DE8}.Debug|x64.ActiveCfg = Debug|Any CPU
		{FA841079-E0E8-4ED8-8D2D-1C1CDA4C7DE8}.Debug|x64.Build.0 = Debug|Any CPU
		{FA841079-E0E8-4ED8-8D2D-1C1CDA4C7DE8}.Debug|x86.ActiveCfg = Debug|Any CPU
		{FA841079-E0E8-4ED8-8D2D-1C1CDA4C7DE8}.Debug|x86.Build.0 = Debug|Any CPU
		{FA841079-E0E8-4ED8-8D2D-1C1CDA4C7DE8}.Release|Any CPU.ActiveCfg = Release|Any CPU
		{FA841079-E0E8-4ED8-8D2D-1C1CDA4C7DE8}.Release|Any CPU.Build.0 = Release|Any CPU
		{FA841079-E0E8-4ED8-8D2D-1C1CDA4C7DE8}.Release|x64.ActiveCfg = Release|Any CPU
		{FA841079-E0E8-4ED8-8D2D-1C1CDA4C7DE8}.Release|x64.Build.0 = Release|Any CPU
		{FA841079-E0E8-4ED8-8D2D-1C1CDA4C7DE8}.Release|x86.ActiveCfg = Release|Any CPU
		{FA841079-E0E8-4ED8-8D2D-1C1CDA4C7DE8}.Release|x86.Build.0 = Release|Any CPU
		{0412FED9-0726-4B5E-8482-AFF4DC5D4B0C}.Debug|Any CPU.ActiveCfg = Debug|Any CPU
		{0412FED9-0726-4B5E-8482-AFF4DC5D4B0C}.Debug|Any CPU.Build.0 = Debug|Any CPU
		{0412FED9-0726-4B5E-8482-AFF4DC5D4B0C}.Debug|x64.ActiveCfg = Debug|Any CPU
		{0412FED9-0726-4B5E-8482-AFF4DC5D4B0C}.Debug|x64.Build.0 = Debug|Any CPU
		{0412FED9-0726-4B5E-8482-AFF4DC5D4B0C}.Debug|x86.ActiveCfg = Debug|Any CPU
		{0412FED9-0726-4B5E-8482-AFF4DC5D4B0C}.Debug|x86.Build.0 = Debug|Any CPU
		{0412FED9-0726-4B5E-8482-AFF4DC5D4B0C}.Release|Any CPU.ActiveCfg = Release|Any CPU
		{0412FED9-0726-4B5E-8482-AFF4DC5D4B0C}.Release|Any CPU.Build.0 = Release|Any CPU
		{0412FED9-0726-4B5E-8482-AFF4DC5D4B0C}.Release|x64.ActiveCfg = Release|Any CPU
		{0412FED9-0726-4B5E-8482-AFF4DC5D4B0C}.Release|x64.Build.0 = Release|Any CPU
		{0412FED9-0726-4B5E-8482-AFF4DC5D4B0C}.Release|x86.ActiveCfg = Release|Any CPU
		{0412FED9-0726-4B5E-8482-AFF4DC5D4B0C}.Release|x86.Build.0 = Release|Any CPU
		{23C7F6F1-B57B-4A36-ABA3-61C66FA3A2C7}.Debug|Any CPU.ActiveCfg = Debug|Any CPU
		{23C7F6F1-B57B-4A36-ABA3-61C66FA3A2C7}.Debug|Any CPU.Build.0 = Debug|Any CPU
		{23C7F6F1-B57B-4A36-ABA3-61C66FA3A2C7}.Debug|x64.ActiveCfg = Debug|Any CPU
		{23C7F6F1-B57B-4A36-ABA3-61C66FA3A2C7}.Debug|x64.Build.0 = Debug|Any CPU
		{23C7F6F1-B57B-4A36-ABA3-61C66FA3A2C7}.Debug|x86.ActiveCfg = Debug|Any CPU
		{23C7F6F1-B57B-4A36-ABA3-61C66FA3A2C7}.Debug|x86.Build.0 = Debug|Any CPU
		{23C7F6F1-B57B-4A36-ABA3-61C66FA3A2C7}.Release|Any CPU.ActiveCfg = Release|Any CPU
		{23C7F6F1-B57B-4A36-ABA3-61C66FA3A2C7}.Release|Any CPU.Build.0 = Release|Any CPU
		{23C7F6F1-B57B-4A36-ABA3-61C66FA3A2C7}.Release|x64.ActiveCfg = Release|Any CPU
		{23C7F6F1-B57B-4A36-ABA3-61C66FA3A2C7}.Release|x64.Build.0 = Release|Any CPU
		{23C7F6F1-B57B-4A36-ABA3-61C66FA3A2C7}.Release|x86.ActiveCfg = Release|Any CPU
		{23C7F6F1-B57B-4A36-ABA3-61C66FA3A2C7}.Release|x86.Build.0 = Release|Any CPU
	EndGlobalSection
	GlobalSection(SolutionProperties) = preSolution
		HideSolutionNode = FALSE
	EndGlobalSection
	GlobalSection(NestedProjects) = preSolution
		{976194BF-B031-4E15-913E-DBAED915A375} = {827E0CD3-B72D-47B6-A68D-7590B98EB39B}
		{BDBA3E8D-AD6F-4F70-B50E-FD507DFCC335} = {827E0CD3-B72D-47B6-A68D-7590B98EB39B}
		{45FB5388-3F8B-439F-B29F-B4855888DD60} = {827E0CD3-B72D-47B6-A68D-7590B98EB39B}
		{FA841079-E0E8-4ED8-8D2D-1C1CDA4C7DE8} = {827E0CD3-B72D-47B6-A68D-7590B98EB39B}
		{0412FED9-0726-4B5E-8482-AFF4DC5D4B0C} = {827E0CD3-B72D-47B6-A68D-7590B98EB39B}
		{23C7F6F1-B57B-4A36-ABA3-61C66FA3A2C7} = {827E0CD3-B72D-47B6-A68D-7590B98EB39B}
	EndGlobalSection
EndGlobal
